{
  "meteor": {},
  "dependencies": {
    "basePackages": {
      "foundation": {}
    },
    "packages": {
      "foundation": {
        "git": "https://github.com/ewall/meteor-foundation.git",
        "tag": "v5.3.3",
        "commit": "0a879addbc52205631baf8c92340006a9b732ad3"
      }
    }
  }
}
